
Microsoft Visual Studio Solution File, Format Version 12.00
# Visual Studio Version 16
VisualStudioVersion = 16.0.31321.278
MinimumVisualStudioVersion = 10.0.40219.1
Project("{FAE04EC0-301F-11D3-BF4B-00C04F79EFBC}") = "DataScienseProject", "DataScienseProject\DataScienseProject.csproj", "{8602D17D-F856-42F2-B784-B24B626BFBF0}"
EndProject
Global
	GlobalSection(SolutionConfigurationPlatforms) = preSolution
		Debug|Any CPU = Debug|Any CPU
		Release|Any CPU = Release|Any CPU
	EndGlobalSection
	GlobalSection(ProjectConfigurationPlatforms) = postSolution
		{8602D17D-F856-42F2-B784-B24B626BFBF0}.Debug|Any CPU.ActiveCfg = Debug|Any CPU
		{8602D17D-F856-42F2-B784-B24B626BFBF0}.Debug|Any CPU.Build.0 = Debug|Any CPU
		{8602D17D-F856-42F2-B784-B24B626BFBF0}.Release|Any CPU.ActiveCfg = Release|Any CPU
		{8602D17D-F856-42F2-B784-B24B626BFBF0}.Release|Any CPU.Build.0 = Release|Any CPU
	EndGlobalSection
	GlobalSection(SolutionProperties) = preSolution
		HideSolutionNode = FALSE
	EndGlobalSection
	GlobalSection(ExtensibilityGlobals) = postSolution
		SolutionGuid = {5D46CE42-B90B-4021-8885-B0BD87CAA51D}
	EndGlobalSection
EndGlobal
